
Microsoft Visual Studio Solution File, Format Version 12.00
# Visual Studio Version 17
VisualStudioVersion = 17.6.33801.468
MinimumVisualStudioVersion = 10.0.40219.1
Project("{FAE04EC0-301F-11D3-BF4B-00C04F79EFBC}") = "MoviesApi", "MoviesApi.csproj", "{583C43FD-8D0D-4964-A6B4-A7D98628152C}"
EndProject
Global
	GlobalSection(SolutionConfigurationPlatforms) = preSolution
		Debug|Any CPU = Debug|Any CPU
		Release|Any CPU = Release|Any CPU
	EndGlobalSection
	GlobalSection(ProjectConfigurationPlatforms) = postSolution
		{583C43FD-8D0D-4964-A6B4-A7D98628152C}.Debug|Any CPU.ActiveCfg = Debug|Any CPU
		{583C43FD-8D0D-4964-A6B4-A7D98628152C}.Debug|Any CPU.Build.0 = Debug|Any CPU
		{583C43FD-8D0D-4964-A6B4-A7D98628152C}.Release|Any CPU.ActiveCfg = Release|Any CPU
		{583C43FD-8D0D-4964-A6B4-A7D98628152C}.Release|Any CPU.Build.0 = Release|Any CPU
	EndGlobalSection
	GlobalSection(SolutionProperties) = preSolution
		HideSolutionNode = FALSE
	EndGlobalSection
	GlobalSection(ExtensibilityGlobals) = postSolution
		SolutionGuid = {36D9CE72-8D46-4462-88DD-A6ACC215E5E8}
	EndGlobalSection
EndGlobal
